
Microsoft Visual Studio Solution File, Format Version 11.00
# Visual Studio 2010
Project("{FAE04EC0-301F-11D3-BF4B-00C04F79EFBC}") = "Web", "Web\Web.csproj", "{ADADA4A4-08CF-4C5B-B5A4-AACD13039BB9}"
EndProject
Project("{FAE04EC0-301F-11D3-BF4B-00C04F79EFBC}") = "Debug", "Debug\Debug.csproj", "{A8FAD298-A531-4D8B-B754-375AC6FE2BE1}"
EndProject
Project("{2150E333-8FDC-42A3-9474-1A3956D46DE8}") = ".nuget", ".nuget", "{C3617506-5138-4C31-8464-5F2476376C41}"
	ProjectSection(SolutionItems) = preProject
		.nuget\NuGet.Config = .nuget\NuGet.Config
		.nuget\NuGet.exe = .nuget\NuGet.exe
		.nuget\NuGet.targets = .nuget\NuGet.targets
	EndProjectSection
EndProject
Project("{FAE04EC0-301F-11D3-BF4B-00C04F79EFBC}") = "EmberWebApp", "EmberWebApp\EmberWebApp.csproj", "{62809CCD-A1C7-4114-AF6B-828272507768}"
EndProject
Global
	GlobalSection(SolutionConfigurationPlatforms) = preSolution
		Debug|Any CPU = Debug|Any CPU
		Debug|Mixed Platforms = Debug|Mixed Platforms
		Debug|x86 = Debug|x86
		Release|Any CPU = Release|Any CPU
		Release|Mixed Platforms = Release|Mixed Platforms
		Release|x86 = Release|x86
	EndGlobalSection
	GlobalSection(ProjectConfigurationPlatforms) = postSolution
		{ADADA4A4-08CF-4C5B-B5A4-AACD13039BB9}.Debug|Any CPU.ActiveCfg = Debug|Any CPU
		{ADADA4A4-08CF-4C5B-B5A4-AACD13039BB9}.Debug|Any CPU.Build.0 = Debug|Any CPU
		{ADADA4A4-08CF-4C5B-B5A4-AACD13039BB9}.Debug|Mixed Platforms.ActiveCfg = Debug|Any CPU
		{ADADA4A4-08CF-4C5B-B5A4-AACD13039BB9}.Debug|Mixed Platforms.Build.0 = Debug|Any CPU
		{ADADA4A4-08CF-4C5B-B5A4-AACD13039BB9}.Debug|x86.ActiveCfg = Debug|Any CPU
		{ADADA4A4-08CF-4C5B-B5A4-AACD13039BB9}.Release|Any CPU.ActiveCfg = Release|Any CPU
		{ADADA4A4-08CF-4C5B-B5A4-AACD13039BB9}.Release|Any CPU.Build.0 = Release|Any CPU
		{ADADA4A4-08CF-4C5B-B5A4-AACD13039BB9}.Release|Mixed Platforms.ActiveCfg = Release|Any CPU
		{ADADA4A4-08CF-4C5B-B5A4-AACD13039BB9}.Release|Mixed Platforms.Build.0 = Release|Any CPU
		{ADADA4A4-08CF-4C5B-B5A4-AACD13039BB9}.Release|x86.ActiveCfg = Release|Any CPU
		{A8FAD298-A531-4D8B-B754-375AC6FE2BE1}.Debug|Any CPU.ActiveCfg = Debug|x86
		{A8FAD298-A531-4D8B-B754-375AC6FE2BE1}.Debug|Mixed Platforms.ActiveCfg = Debug|x86
		{A8FAD298-A531-4D8B-B754-375AC6FE2BE1}.Debug|Mixed Platforms.Build.0 = Debug|x86
		{A8FAD298-A531-4D8B-B754-375AC6FE2BE1}.Debug|x86.ActiveCfg = Debug|x86
		{A8FAD298-A531-4D8B-B754-375AC6FE2BE1}.Debug|x86.Build.0 = Debug|x86
		{A8FAD298-A531-4D8B-B754-375AC6FE2BE1}.Release|Any CPU.ActiveCfg = Release|x86
		{A8FAD298-A531-4D8B-B754-375AC6FE2BE1}.Release|Mixed Platforms.ActiveCfg = Release|x86
		{A8FAD298-A531-4D8B-B754-375AC6FE2BE1}.Release|Mixed Platforms.Build.0 = Release|x86
		{A8FAD298-A531-4D8B-B754-375AC6FE2BE1}.Release|x86.ActiveCfg = Release|x86
		{A8FAD298-A531-4D8B-B754-375AC6FE2BE1}.Release|x86.Build.0 = Release|x86
		{62809CCD-A1C7-4114-AF6B-828272507768}.Debug|Any CPU.ActiveCfg = Debug|Any CPU
		{62809CCD-A1C7-4114-AF6B-828272507768}.Debug|Any CPU.Build.0 = Debug|Any CPU
		{62809CCD-A1C7-4114-AF6B-828272507768}.Debug|Mixed Platforms.ActiveCfg = Debug|Any CPU
		{62809CCD-A1C7-4114-AF6B-828272507768}.Debug|Mixed Platforms.Build.0 = Debug|Any CPU
		{62809CCD-A1C7-4114-AF6B-828272507768}.Debug|x86.ActiveCfg = Debug|Any CPU
		{62809CCD-A1C7-4114-AF6B-828272507768}.Release|Any CPU.ActiveCfg = Release|Any CPU
		{62809CCD-A1C7-4114-AF6B-828272507768}.Release|Any CPU.Build.0 = Release|Any CPU
		{62809CCD-A1C7-4114-AF6B-828272507768}.Release|Mixed Platforms.ActiveCfg = Release|Any CPU
		{62809CCD-A1C7-4114-AF6B-828272507768}.Release|Mixed Platforms.Build.0 = Release|Any CPU
		{62809CCD-A1C7-4114-AF6B-828272507768}.Release|x86.ActiveCfg = Release|Any CPU
	EndGlobalSection
	GlobalSection(SolutionProperties) = preSolution
		HideSolutionNode = FALSE
	EndGlobalSection
EndGlobal
